// !$*UTF8*$!
{
	archiveVersion = 1;
	classes = {
	};
	objectVersion = 50;
	objects = {

/* Begin PBXBuildFile section */
		3232FA25262F4A25003357F7 /* Tests_iOS.swift in Sources */ = {isa = PBXBuildFile; fileRef = 3232FA24262F4A25003357F7 /* Tests_iOS.swift */; };
		3232FA32262F4A25003357F7 /* ipInformerApp.swift in Sources */ = {isa = PBXBuildFile; fileRef = 3232FA09262F4A24003357F7 /* ipInformerApp.swift */; };
		3232FA34262F4A25003357F7 /* MainView.swift in Sources */ = {isa = PBXBuildFile; fileRef = 3232FA0A262F4A24003357F7 /* MainView.swift */; };
		3232FA36262F4A25003357F7 /* Assets.xcassets in Resources */ = {isa = PBXBuildFile; fileRef = 3232FA0B262F4A25003357F7 /* Assets.xcassets */; };
		3232FA51262F679A003357F7 /* RequestHelper.swift in Sources */ = {isa = PBXBuildFile; fileRef = 3232FA50262F679A003357F7 /* RequestHelper.swift */; };
		3232FA58262F6824003357F7 /* ipModel.swift in Sources */ = {isa = PBXBuildFile; fileRef = 3232FA57262F6824003357F7 /* ipModel.swift */; };
		3232FA66262F703E003357F7 /* MainViewModel.swift in Sources */ = {isa = PBXBuildFile; fileRef = 3232FA65262F703E003357F7 /* MainViewModel.swift */; };
		3232FA6C262F709B003357F7 /* ApiQuery.swift in Sources */ = {isa = PBXBuildFile; fileRef = 3232FA6B262F709B003357F7 /* ApiQuery.swift */; };
		3232FA73262F83D2003357F7 /* MarkerView.swift in Sources */ = {isa = PBXBuildFile; fileRef = 3232FA72262F83D2003357F7 /* MarkerView.swift */; };
		3232FA7D262F852F003357F7 /* Triangle.swift in Sources */ = {isa = PBXBuildFile; fileRef = 3232FA7C262F852F003357F7 /* Triangle.swift */; };
		3232FA83262F8554003357F7 /* HTTPMethod.swift in Sources */ = {isa = PBXBuildFile; fileRef = 3232FA82262F8554003357F7 /* HTTPMethod.swift */; };
		3232FA8A262F86D2003357F7 /* View+IsHidden.swift in Sources */ = {isa = PBXBuildFile; fileRef = 3232FA89262F86D2003357F7 /* View+IsHidden.swift */; };
		32544F15262FB9F500A1410F /* String+IpValidation.swift in Sources */ = {isa = PBXBuildFile; fileRef = 32544F14262FB9F500A1410F /* String+IpValidation.swift */; };
		32544F1C262FBB8E00A1410F /* ipModel+Hashable.swift in Sources */ = {isa = PBXBuildFile; fileRef = 32544F1B262FBB8E00A1410F /* ipModel+Hashable.swift */; };
		32544F26262FBBC100A1410F /* ipModel+Equatable.swift in Sources */ = {isa = PBXBuildFile; fileRef = 32544F25262FBBC100A1410F /* ipModel+Equatable.swift */; };
		32544F31262FBC9900A1410F /* LocalizeOperator.swift in Sources */ = {isa = PBXBuildFile; fileRef = 32544F30262FBC9900A1410F /* LocalizeOperator.swift */; };
		32544F3E262FC0D200A1410F /* RouterStruct.swift in Sources */ = {isa = PBXBuildFile; fileRef = 32544F3D262FC0D200A1410F /* RouterStruct.swift */; };
		32544F41262FC56700A1410F /* String+IpValidation.swift in Sources */ = {isa = PBXBuildFile; fileRef = 32544F14262FB9F500A1410F /* String+IpValidation.swift */; };
		32544F72262FD05100A1410F /* Localizable.strings in Resources */ = {isa = PBXBuildFile; fileRef = 32544F74262FD05100A1410F /* Localizable.strings */; };
		32544F80262FDDE800A1410F /* IpApi.swift in Sources */ = {isa = PBXBuildFile; fileRef = 32544F7F262FDDE800A1410F /* IpApi.swift */; };
		32544F85262FE5A600A1410F /* IpApi.swift in Sources */ = {isa = PBXBuildFile; fileRef = 32544F7F262FDDE800A1410F /* IpApi.swift */; };
		32544F88262FE5AC00A1410F /* RouterStruct.swift in Sources */ = {isa = PBXBuildFile; fileRef = 32544F3D262FC0D200A1410F /* RouterStruct.swift */; };
		32544F8B262FE63900A1410F /* HTTPMethod.swift in Sources */ = {isa = PBXBuildFile; fileRef = 3232FA82262F8554003357F7 /* HTTPMethod.swift */; };
/* End PBXBuildFile section */

/* Begin PBXContainerItemProxy section */
		3232FA21262F4A25003357F7 /* PBXContainerItemProxy */ = {
			isa = PBXContainerItemProxy;
			containerPortal = 3232FA04262F4A24003357F7 /* Project object */;
			proxyType = 1;
			remoteGlobalIDString = 3232FA0F262F4A25003357F7;
			remoteInfo = "ipInformer (iOS)";
		};
/* End PBXContainerItemProxy section */

/* Begin PBXFileReference section */
		3232FA09262F4A24003357F7 /* ipInformerApp.swift */ = {isa = PBXFileReference; lastKnownFileType = sourcecode.swift; path = ipInformerApp.swift; sourceTree = "<group>"; };
		3232FA0A262F4A24003357F7 /* MainView.swift */ = {isa = PBXFileReference; lastKnownFileType = sourcecode.swift; path = MainView.swift; sourceTree = "<group>"; };
		3232FA0B262F4A25003357F7 /* Assets.xcassets */ = {isa = PBXFileReference; lastKnownFileType = folder.assetcatalog; path = Assets.xcassets; sourceTree = "<group>"; };
		3232FA10262F4A25003357F7 /* ipInformer.app */ = {isa = PBXFileReference; explicitFileType = wrapper.application; includeInIndex = 0; path = ipInformer.app; sourceTree = BUILT_PRODUCTS_DIR; };
		3232FA13262F4A25003357F7 /* Info.plist */ = {isa = PBXFileReference; lastKnownFileType = text.plist.xml; path = Info.plist; sourceTree = "<group>"; };
		3232FA20262F4A25003357F7 /* Tests iOS.xctest */ = {isa = PBXFileReference; explicitFileType = wrapper.cfbundle; includeInIndex = 0; path = "Tests iOS.xctest"; sourceTree = BUILT_PRODUCTS_DIR; };
		3232FA24262F4A25003357F7 /* Tests_iOS.swift */ = {isa = PBXFileReference; lastKnownFileType = sourcecode.swift; path = Tests_iOS.swift; sourceTree = "<group>"; };
		3232FA26262F4A25003357F7 /* Info.plist */ = {isa = PBXFileReference; lastKnownFileType = text.plist.xml; path = Info.plist; sourceTree = "<group>"; };
		3232FA50262F679A003357F7 /* RequestHelper.swift */ = {isa = PBXFileReference; lastKnownFileType = sourcecode.swift; path = RequestHelper.swift; sourceTree = "<group>"; };
		3232FA57262F6824003357F7 /* ipModel.swift */ = {isa = PBXFileReference; lastKnownFileType = sourcecode.swift; path = ipModel.swift; sourceTree = "<group>"; };
		3232FA65262F703E003357F7 /* MainViewModel.swift */ = {isa = PBXFileReference; lastKnownFileType = sourcecode.swift; path = MainViewModel.swift; sourceTree = "<group>"; };
		3232FA6B262F709B003357F7 /* ApiQuery.swift */ = {isa = PBXFileReference; lastKnownFileType = sourcecode.swift; path = ApiQuery.swift; sourceTree = "<group>"; };
		3232FA72262F83D2003357F7 /* MarkerView.swift */ = {isa = PBXFileReference; lastKnownFileType = sourcecode.swift; path = MarkerView.swift; sourceTree = "<group>"; };
		3232FA7C262F852F003357F7 /* Triangle.swift */ = {isa = PBXFileReference; lastKnownFileType = sourcecode.swift; path = Triangle.swift; sourceTree = "<group>"; };
		3232FA82262F8554003357F7 /* HTTPMethod.swift */ = {isa = PBXFileReference; lastKnownFileType = sourcecode.swift; path = HTTPMethod.swift; sourceTree = "<group>"; };
		3232FA89262F86D2003357F7 /* View+IsHidden.swift */ = {isa = PBXFileReference; lastKnownFileType = sourcecode.swift; path = "View+IsHidden.swift"; sourceTree = "<group>"; };
		32544F14262FB9F500A1410F /* String+IpValidation.swift */ = {isa = PBXFileReference; lastKnownFileType = sourcecode.swift; path = "String+IpValidation.swift"; sourceTree = "<group>"; };
		32544F1B262FBB8E00A1410F /* ipModel+Hashable.swift */ = {isa = PBXFileReference; lastKnownFileType = sourcecode.swift; path = "ipModel+Hashable.swift"; sourceTree = "<group>"; };
		32544F25262FBBC100A1410F /* ipModel+Equatable.swift */ = {isa = PBXFileReference; lastKnownFileType = sourcecode.swift; path = "ipModel+Equatable.swift"; sourceTree = "<group>"; };
		32544F30262FBC9900A1410F /* LocalizeOperator.swift */ = {isa = PBXFileReference; lastKnownFileType = sourcecode.swift; path = LocalizeOperator.swift; sourceTree = "<group>"; };
		32544F3D262FC0D200A1410F /* RouterStruct.swift */ = {isa = PBXFileReference; lastKnownFileType = sourcecode.swift; path = RouterStruct.swift; sourceTree = "<group>"; };
		32544F73262FD05100A1410F /* en */ = {isa = PBXFileReference; lastKnownFileType = text.plist.strings; name = en; path = en.lproj/Localizable.strings; sourceTree = "<group>"; };
		32544F77262FD06100A1410F /* uk */ = {isa = PBXFileReference; lastKnownFileType = text.plist.strings; name = uk; path = uk.lproj/Localizable.strings; sourceTree = "<group>"; };
		32544F7A262FD0F800A1410F /* nb */ = {isa = PBXFileReference; lastKnownFileType = text.plist.strings; name = nb; path = nb.lproj/Localizable.strings; sourceTree = "<group>"; };
		32544F7F262FDDE800A1410F /* IpApi.swift */ = {isa = PBXFileReference; lastKnownFileType = sourcecode.swift; path = IpApi.swift; sourceTree = "<group>"; };
		32544F8E262FF04A00A1410F /* README.md */ = {isa = PBXFileReference; lastKnownFileType = net.daringfireball.markdown; path = README.md; sourceTree = "<group>"; };
/* End PBXFileReference section */

/* Begin PBXFrameworksBuildPhase section */
		3232FA0D262F4A25003357F7 /* Frameworks */ = {
			isa = PBXFrameworksBuildPhase;
			buildActionMask = 2147483647;
			files = (
			);
			runOnlyForDeploymentPostprocessing = 0;
		};
		3232FA1D262F4A25003357F7 /* Frameworks */ = {
			isa = PBXFrameworksBuildPhase;
			buildActionMask = 2147483647;
			files = (
			);
			runOnlyForDeploymentPostprocessing = 0;
		};
/* End PBXFrameworksBuildPhase section */

/* Begin PBXGroup section */
		3232FA03262F4A24003357F7 = {
			isa = PBXGroup;
			children = (
				32544F8E262FF04A00A1410F /* README.md */,
				3232FA08262F4A24003357F7 /* ipInformer */,
				3232FA12262F4A25003357F7 /* iOS */,
				3232FA23262F4A25003357F7 /* Tests iOS */,
				3232FA11262F4A25003357F7 /* Products */,
			);
			sourceTree = "<group>";
		};
		3232FA08262F4A24003357F7 /* ipInformer */ = {
			isa = PBXGroup;
			children = (
				32544F44262FCCE200A1410F /* Localization */,
				32544F2B262FBC2900A1410F /* ViewModels */,
				3232FA88262F86A3003357F7 /* Extensions */,
				3232FA71262F83C6003357F7 /* Views */,
				3232FA56262F6810003357F7 /* Models */,
				3232FA4F262F677C003357F7 /* Network */,
				3232FA4E262F6772003357F7 /* Helpers */,
				3232FA09262F4A24003357F7 /* ipInformerApp.swift */,
				3232FA0B262F4A25003357F7 /* Assets.xcassets */,
			);
			path = ipInformer;
			sourceTree = "<group>";
		};
		3232FA11262F4A25003357F7 /* Products */ = {
			isa = PBXGroup;
			children = (
				3232FA10262F4A25003357F7 /* ipInformer.app */,
				3232FA20262F4A25003357F7 /* Tests iOS.xctest */,
			);
			name = Products;
			sourceTree = "<group>";
		};
		3232FA12262F4A25003357F7 /* iOS */ = {
			isa = PBXGroup;
			children = (
				3232FA13262F4A25003357F7 /* Info.plist */,
			);
			path = iOS;
			sourceTree = "<group>";
		};
		3232FA23262F4A25003357F7 /* Tests iOS */ = {
			isa = PBXGroup;
			children = (
				3232FA24262F4A25003357F7 /* Tests_iOS.swift */,
				3232FA26262F4A25003357F7 /* Info.plist */,
			);
			path = "Tests iOS";
			sourceTree = "<group>";
		};
		3232FA4E262F6772003357F7 /* Helpers */ = {
			isa = PBXGroup;
			children = (
				3232FA50262F679A003357F7 /* RequestHelper.swift */,
				3232FA82262F8554003357F7 /* HTTPMethod.swift */,
				32544F30262FBC9900A1410F /* LocalizeOperator.swift */,
			);
			path = Helpers;
			sourceTree = "<group>";
		};
		3232FA4F262F677C003357F7 /* Network */ = {
			isa = PBXGroup;
			children = (
				3232FA6B262F709B003357F7 /* ApiQuery.swift */,
				32544F3D262FC0D200A1410F /* RouterStruct.swift */,
				32544F7F262FDDE800A1410F /* IpApi.swift */,
			);
			path = Network;
			sourceTree = "<group>";
		};
		3232FA56262F6810003357F7 /* Models */ = {
			isa = PBXGroup;
			children = (
				32544F1A262FBB6F00A1410F /* ipModel */,
			);
			path = Models;
			sourceTree = "<group>";
		};
		3232FA71262F83C6003357F7 /* Views */ = {
			isa = PBXGroup;
			children = (
				3232FA72262F83D2003357F7 /* MarkerView.swift */,
				3232FA0A262F4A24003357F7 /* MainView.swift */,
				3232FA7C262F852F003357F7 /* Triangle.swift */,
			);
			path = Views;
			sourceTree = "<group>";
		};
		3232FA88262F86A3003357F7 /* Extensions */ = {
			isa = PBXGroup;
			children = (
				3232FA89262F86D2003357F7 /* View+IsHidden.swift */,
				32544F14262FB9F500A1410F /* String+IpValidation.swift */,
			);
			path = Extensions;
			sourceTree = "<group>";
		};
		32544F1A262FBB6F00A1410F /* ipModel */ = {
			isa = PBXGroup;
			children = (
				3232FA57262F6824003357F7 /* ipModel.swift */,
				32544F1B262FBB8E00A1410F /* ipModel+Hashable.swift */,
				32544F25262FBBC100A1410F /* ipModel+Equatable.swift */,
			);
			path = ipModel;
			sourceTree = "<group>";
		};
		32544F2B262FBC2900A1410F /* ViewModels */ = {
			isa = PBXGroup;
			children = (
				3232FA65262F703E003357F7 /* MainViewModel.swift */,
			);
			path = ViewModels;
			sourceTree = "<group>";
		};
		32544F44262FCCE200A1410F /* Localization */ = {
			isa = PBXGroup;
			children = (
				32544F74262FD05100A1410F /* Localizable.strings */,
			);
			path = Localization;
			sourceTree = "<group>";
		};
/* End PBXGroup section */

/* Begin PBXNativeTarget section */
		3232FA0F262F4A25003357F7 /* ipInformer (iOS) */ = {
			isa = PBXNativeTarget;
			buildConfigurationList = 3232FA3A262F4A25003357F7 /* Build configuration list for PBXNativeTarget "ipInformer (iOS)" */;
			buildPhases = (
				3232FA0C262F4A25003357F7 /* Sources */,
				3232FA0D262F4A25003357F7 /* Frameworks */,
				3232FA0E262F4A25003357F7 /* Resources */,
			);
			buildRules = (
			);
			dependencies = (
			);
			name = "ipInformer (iOS)";
			productName = "ipInformer (iOS)";
			productReference = 3232FA10262F4A25003357F7 /* ipInformer.app */;
			productType = "com.apple.product-type.application";
		};
		3232FA1F262F4A25003357F7 /* Tests iOS */ = {
			isa = PBXNativeTarget;
			buildConfigurationList = 3232FA40262F4A25003357F7 /* Build configuration list for PBXNativeTarget "Tests iOS" */;
			buildPhases = (
				3232FA1C262F4A25003357F7 /* Sources */,
				3232FA1D262F4A25003357F7 /* Frameworks */,
				3232FA1E262F4A25003357F7 /* Resources */,
			);
			buildRules = (
			);
			dependencies = (
				3232FA22262F4A25003357F7 /* PBXTargetDependency */,
			);
			name = "Tests iOS";
			productName = "Tests iOS";
			productReference = 3232FA20262F4A25003357F7 /* Tests iOS.xctest */;
			productType = "com.apple.product-type.bundle.ui-testing";
		};
/* End PBXNativeTarget section */

/* Begin PBXProject section */
		3232FA04262F4A24003357F7 /* Project object */ = {
			isa = PBXProject;
			attributes = {
				LastSwiftUpdateCheck = 1240;
				LastUpgradeCheck = 1240;
				TargetAttributes = {
					3232FA0F262F4A25003357F7 = {
						CreatedOnToolsVersion = 12.4;
					};
					3232FA1F262F4A25003357F7 = {
						CreatedOnToolsVersion = 12.4;
						TestTargetID = 3232FA0F262F4A25003357F7;
					};
				};
			};
			buildConfigurationList = 3232FA07262F4A24003357F7 /* Build configuration list for PBXProject "ipInformer" */;
			compatibilityVersion = "Xcode 9.3";
			developmentRegion = en;
			hasScannedForEncodings = 0;
			knownRegions = (
				en,
				Base,
				uk,
				nb,
			);
			mainGroup = 3232FA03262F4A24003357F7;
			productRefGroup = 3232FA11262F4A25003357F7 /* Products */;
			projectDirPath = "";
			projectRoot = "";
			targets = (
				3232FA0F262F4A25003357F7 /* ipInformer (iOS) */,
				3232FA1F262F4A25003357F7 /* Tests iOS */,
			);
		};
/* End PBXProject section */

/* Begin PBXResourcesBuildPhase section */
		3232FA0E262F4A25003357F7 /* Resources */ = {
			isa = PBXResourcesBuildPhase;
			buildActionMask = 2147483647;
			files = (
				3232FA36262F4A25003357F7 /* Assets.xcassets in Resources */,
				32544F72262FD05100A1410F /* Localizable.strings in Resources */,
			);
			runOnlyForDeploymentPostprocessing = 0;
		};
		3232FA1E262F4A25003357F7 /* Resources */ = {
			isa = PBXResourcesBuildPhase;
			buildActionMask = 2147483647;
			files = (
			);
			runOnlyForDeploymentPostprocessing = 0;
		};
/* End PBXResourcesBuildPhase section */

/* Begin PBXSourcesBuildPhase section */
		3232FA0C262F4A25003357F7 /* Sources */ = {
			isa = PBXSourcesBuildPhase;
			buildActionMask = 2147483647;
			files = (
				32544F15262FB9F500A1410F /* String+IpValidation.swift in Sources */,
				3232FA66262F703E003357F7 /* MainViewModel.swift in Sources */,
				32544F31262FBC9900A1410F /* LocalizeOperator.swift in Sources */,
				3232FA73262F83D2003357F7 /* MarkerView.swift in Sources */,
				3232FA8A262F86D2003357F7 /* View+IsHidden.swift in Sources */,
				3232FA51262F679A003357F7 /* RequestHelper.swift in Sources */,
				32544F26262FBBC100A1410F /* ipModel+Equatable.swift in Sources */,
				32544F3E262FC0D200A1410F /* RouterStruct.swift in Sources */,
				3232FA34262F4A25003357F7 /* MainView.swift in Sources */,
				32544F80262FDDE800A1410F /* IpApi.swift in Sources */,
				32544F1C262FBB8E00A1410F /* ipModel+Hashable.swift in Sources */,
				3232FA6C262F709B003357F7 /* ApiQuery.swift in Sources */,
				3232FA83262F8554003357F7 /* HTTPMethod.swift in Sources */,
				3232FA58262F6824003357F7 /* ipModel.swift in Sources */,
				3232FA32262F4A25003357F7 /* ipInformerApp.swift in Sources */,
				3232FA7D262F852F003357F7 /* Triangle.swift in Sources */,
			);
			runOnlyForDeploymentPostprocessing = 0;
		};
		3232FA1C262F4A25003357F7 /* Sources */ = {
			isa = PBXSourcesBuildPhase;
			buildActionMask = 2147483647;
			files = (
				32544F41262FC56700A1410F /* String+IpValidation.swift in Sources */,
				3232FA25262F4A25003357F7 /* Tests_iOS.swift in Sources */,
				32544F85262FE5A600A1410F /* IpApi.swift in Sources */,
				32544F8B262FE63900A1410F /* HTTPMethod.swift in Sources */,
				32544F88262FE5AC00A1410F /* RouterStruct.swift in Sources */,
			);
			runOnlyForDeploymentPostprocessing = 0;
		};
/* End PBXSourcesBuildPhase section */

/* Begin PBXTargetDependency section */
		3232FA22262F4A25003357F7 /* PBXTargetDependency */ = {
			isa = PBXTargetDependency;
			target = 3232FA0F262F4A25003357F7 /* ipInformer (iOS) */;
			targetProxy = 3232FA21262F4A25003357F7 /* PBXContainerItemProxy */;
		};
/* End PBXTargetDependency section */

/* Begin PBXVariantGroup section */
		32544F74262FD05100A1410F /* Localizable.strings */ = {
			isa = PBXVariantGroup;
			children = (
				32544F73262FD05100A1410F /* en */,
				32544F77262FD06100A1410F /* uk */,
				32544F7A262FD0F800A1410F /* nb */,
			);
			name = Localizable.strings;
			sourceTree = "<group>";
		};
/* End PBXVariantGroup section */

/* Begin XCBuildConfiguration section */
		3232FA38262F4A25003357F7 /* Debug */ = {
			isa = XCBuildConfiguration;
			buildSettings = {
				ALWAYS_SEARCH_USER_PATHS = NO;
				CLANG_ANALYZER_LOCALIZABILITY_NONLOCALIZED = YES;
				CLANG_ANALYZER_NONNULL = YES;
				CLANG_ANALYZER_NUMBER_OBJECT_CONVERSION = YES_AGGRESSIVE;
				CLANG_CXX_LANGUAGE_STANDARD = "gnu++14";
				CLANG_CXX_LIBRARY = "libc++";
				CLANG_ENABLE_MODULES = YES;
				CLANG_ENABLE_OBJC_ARC = YES;
				CLANG_ENABLE_OBJC_WEAK = YES;
				CLANG_WARN_BLOCK_CAPTURE_AUTORELEASING = YES;
				CLANG_WARN_BOOL_CONVERSION = YES;
				CLANG_WARN_COMMA = YES;
				CLANG_WARN_CONSTANT_CONVERSION = YES;
				CLANG_WARN_DEPRECATED_OBJC_IMPLEMENTATIONS = YES;
				CLANG_WARN_DIRECT_OBJC_ISA_USAGE = YES_ERROR;
				CLANG_WARN_DOCUMENTATION_COMMENTS = YES;
				CLANG_WARN_EMPTY_BODY = YES;
				CLANG_WARN_ENUM_CONVERSION = YES;
				CLANG_WARN_INFINITE_RECURSION = YES;
				CLANG_WARN_INT_CONVERSION = YES;
				CLANG_WARN_NON_LITERAL_NULL_CONVERSION = YES;
				CLANG_WARN_OBJC_IMPLICIT_RETAIN_SELF = YES;
				CLANG_WARN_OBJC_LITERAL_CONVERSION = YES;
				CLANG_WARN_OBJC_ROOT_CLASS = YES_ERROR;
				CLANG_WARN_QUOTED_INCLUDE_IN_FRAMEWORK_HEADER = YES;
				CLANG_WARN_RANGE_LOOP_ANALYSIS = YES;
				CLANG_WARN_STRICT_PROTOTYPES = YES;
				CLANG_WARN_SUSPICIOUS_MOVE = YES;
				CLANG_WARN_UNGUARDED_AVAILABILITY = YES_AGGRESSIVE;
				CLANG_WARN_UNREACHABLE_CODE = YES;
				CLANG_WARN__DUPLICATE_METHOD_MATCH = YES;
				COPY_PHASE_STRIP = NO;
				DEBUG_INFORMATION_FORMAT = dwarf;
				ENABLE_STRICT_OBJC_MSGSEND = YES;
				ENABLE_TESTABILITY = YES;
				GCC_C_LANGUAGE_STANDARD = gnu11;
				GCC_DYNAMIC_NO_PIC = NO;
				GCC_NO_COMMON_BLOCKS = YES;
				GCC_OPTIMIZATION_LEVEL = 0;
				GCC_PREPROCESSOR_DEFINITIONS = (
					"DEBUG=1",
					"$(inherited)",
				);
				GCC_WARN_64_TO_32_BIT_CONVERSION = YES;
				GCC_WARN_ABOUT_RETURN_TYPE = YES_ERROR;
				GCC_WARN_UNDECLARED_SELECTOR = YES;
				GCC_WARN_UNINITIALIZED_AUTOS = YES_AGGRESSIVE;
				GCC_WARN_UNUSED_FUNCTION = YES;
				GCC_WARN_UNUSED_VARIABLE = YES;
				MTL_ENABLE_DEBUG_INFO = INCLUDE_SOURCE;
				MTL_FAST_MATH = YES;
				ONLY_ACTIVE_ARCH = YES;
				SWIFT_ACTIVE_COMPILATION_CONDITIONS = DEBUG;
				SWIFT_OPTIMIZATION_LEVEL = "-Onone";
			};
			name = Debug;
		};
		3232FA39262F4A25003357F7 /* Release */ = {
			isa = XCBuildConfiguration;
			buildSettings = {
				ALWAYS_SEARCH_USER_PATHS = NO;
				CLANG_ANALYZER_LOCALIZABILITY_NONLOCALIZED = YES;
				CLANG_ANALYZER_NONNULL = YES;
				CLANG_ANALYZER_NUMBER_OBJECT_CONVERSION = YES_AGGRESSIVE;
				CLANG_CXX_LANGUAGE_STANDARD = "gnu++14";
				CLANG_CXX_LIBRARY = "libc++";
				CLANG_ENABLE_MODULES = YES;
				CLANG_ENABLE_OBJC_ARC = YES;
				CLANG_ENABLE_OBJC_WEAK = YES;
				CLANG_WARN_BLOCK_CAPTURE_AUTORELEASING = YES;
				CLANG_WARN_BOOL_CONVERSION = YES;
				CLANG_WARN_COMMA = YES;
				CLANG_WARN_CONSTANT_CONVERSION = YES;
				CLANG_WARN_DEPRECATED_OBJC_IMPLEMENTATIONS = YES;
				CLANG_WARN_DIRECT_OBJC_ISA_USAGE = YES_ERROR;
				CLANG_WARN_DOCUMENTATION_COMMENTS = YES;
				CLANG_WARN_EMPTY_BODY = YES;
				CLANG_WARN_ENUM_CONVERSION = YES;
				CLANG_WARN_INFINITE_RECURSION = YES;
				CLANG_WARN_INT_CONVERSION = YES;
				CLANG_WARN_NON_LITERAL_NULL_CONVERSION = YES;
				CLANG_WARN_OBJC_IMPLICIT_RETAIN_SELF = YES;
				CLANG_WARN_OBJC_LITERAL_CONVERSION = YES;
				CLANG_WARN_OBJC_ROOT_CLASS = YES_ERROR;
				CLANG_WARN_QUOTED_INCLUDE_IN_FRAMEWORK_HEADER = YES;
				CLANG_WARN_RANGE_LOOP_ANALYSIS = YES;
				CLANG_WARN_STRICT_PROTOTYPES = YES;
				CLANG_WARN_SUSPICIOUS_MOVE = YES;
				CLANG_WARN_UNGUARDED_AVAILABILITY = YES_AGGRESSIVE;
				CLANG_WARN_UNREACHABLE_CODE = YES;
				CLANG_WARN__DUPLICATE_METHOD_MATCH = YES;
				COPY_PHASE_STRIP = NO;
				DEBUG_INFORMATION_FORMAT = "dwarf-with-dsym";
				ENABLE_NS_ASSERTIONS = NO;
				ENABLE_STRICT_OBJC_MSGSEND = YES;
				GCC_C_LANGUAGE_STANDARD = gnu11;
				GCC_NO_COMMON_BLOCKS = YES;
				GCC_WARN_64_TO_32_BIT_CONVERSION = YES;
				GCC_WARN_ABOUT_RETURN_TYPE = YES_ERROR;
				GCC_WARN_UNDECLARED_SELECTOR = YES;
				GCC_WARN_UNINITIALIZED_AUTOS = YES_AGGRESSIVE;
				GCC_WARN_UNUSED_FUNCTION = YES;
				GCC_WARN_UNUSED_VARIABLE = YES;
				MTL_ENABLE_DEBUG_INFO = NO;
				MTL_FAST_MATH = YES;
				SWIFT_COMPILATION_MODE = wholemodule;
				SWIFT_OPTIMIZATION_LEVEL = "-O";
			};
			name = Release;
		};
		3232FA3B262F4A25003357F7 /* Debug */ = {
			isa = XCBuildConfiguration;
			buildSettings = {
				ASSETCATALOG_COMPILER_APPICON_NAME = AppIcon;
				ASSETCATALOG_COMPILER_GLOBAL_ACCENT_COLOR_NAME = AccentColor;
				CODE_SIGN_STYLE = Automatic;
				DEVELOPMENT_TEAM = 3J83BM2J58;
				ENABLE_PREVIEWS = YES;
				INFOPLIST_FILE = iOS/Info.plist;
				IPHONEOS_DEPLOYMENT_TARGET = 14.0;
				LD_RUNPATH_SEARCH_PATHS = (
					"$(inherited)",
					"@executable_path/Frameworks",
				);
				PRODUCT_BUNDLE_IDENTIFIER = beat.test.task.ipInformer;
				PRODUCT_NAME = ipInformer;
				SDKROOT = iphoneos;
				SWIFT_VERSION = 5.0;
				TARGETED_DEVICE_FAMILY = "1,2";
			};
			name = Debug;
		};
		3232FA3C262F4A25003357F7 /* Release */ = {
			isa = XCBuildConfiguration;
			buildSettings = {
				ASSETCATALOG_COMPILER_APPICON_NAME = AppIcon;
				ASSETCATALOG_COMPILER_GLOBAL_ACCENT_COLOR_NAME = AccentColor;
				CODE_SIGN_STYLE = Automatic;
				DEVELOPMENT_TEAM = 3J83BM2J58;
				ENABLE_PREVIEWS = YES;
				INFOPLIST_FILE = iOS/Info.plist;
				IPHONEOS_DEPLOYMENT_TARGET = 14.0;
				LD_RUNPATH_SEARCH_PATHS = (
					"$(inherited)",
					"@executable_path/Frameworks",
				);
				PRODUCT_BUNDLE_IDENTIFIER = beat.test.task.ipInformer;
				PRODUCT_NAME = ipInformer;
				SDKROOT = iphoneos;
				SWIFT_VERSION = 5.0;
				TARGETED_DEVICE_FAMILY = "1,2";
				VALIDATE_PRODUCT = YES;
			};
			name = Release;
		};
		3232FA41262F4A25003357F7 /* Debug */ = {
			isa = XCBuildConfiguration;
			buildSettings = {
				ALWAYS_EMBED_SWIFT_STANDARD_LIBRARIES = YES;
				CODE_SIGN_STYLE = Automatic;
				DEVELOPMENT_TEAM = 3J83BM2J58;
				INFOPLIST_FILE = "Tests iOS/Info.plist";
				IPHONEOS_DEPLOYMENT_TARGET = 14.4;
				LD_RUNPATH_SEARCH_PATHS = (
					"$(inherited)",
					"@executable_path/Frameworks",
					"@loader_path/Frameworks",
				);
				PRODUCT_BUNDLE_IDENTIFIER = "beat.test.task.Tests-iOS";
				PRODUCT_NAME = "$(TARGET_NAME)";
				SDKROOT = iphoneos;
				SWIFT_VERSION = 5.0;
				TARGETED_DEVICE_FAMILY = "1,2";
				TEST_TARGET_NAME = "ipInformer (iOS)";
			};
			name = Debug;
		};
		3232FA42262F4A25003357F7 /* Release */ = {
			isa = XCBuildConfiguration;
			buildSettings = {
				ALWAYS_EMBED_SWIFT_STANDARD_LIBRARIES = YES;
				CODE_SIGN_STYLE = Automatic;
				DEVELOPMENT_TEAM = 3J83BM2J58;
				INFOPLIST_FILE = "Tests iOS/Info.plist";
				IPHONEOS_DEPLOYMENT_TARGET = 14.4;
				LD_RUNPATH_SEARCH_PATHS = (
					"$(inherited)",
					"@executable_path/Frameworks",
					"@loader_path/Frameworks",
				);
				PRODUCT_BUNDLE_IDENTIFIER = "beat.test.task.Tests-iOS";
				PRODUCT_NAME = "$(TARGET_NAME)";
				SDKROOT = iphoneos;
				SWIFT_VERSION = 5.0;
				TARGETED_DEVICE_FAMILY = "1,2";
				TEST_TARGET_NAME = "ipInformer (iOS)";
				VALIDATE_PRODUCT = YES;
			};
			name = Release;
		};
/* End XCBuildConfiguration section */

/* Begin XCConfigurationList section */
		3232FA07262F4A24003357F7 /* Build configuration list for PBXProject "ipInformer" */ = {
			isa = XCConfigurationList;
			buildConfigurations = (
				3232FA38262F4A25003357F7 /* Debug */,
				3232FA39262F4A25003357F7 /* Release */,
			);
			defaultConfigurationIsVisible = 0;
			defaultConfigurationName = Release;
		};
		3232FA3A262F4A25003357F7 /* Build configuration list for PBXNativeTarget "ipInformer (iOS)" */ = {
			isa = XCConfigurationList;
			buildConfigurations = (
				3232FA3B262F4A25003357F7 /* Debug */,
				3232FA3C262F4A25003357F7 /* Release */,
			);
			defaultConfigurationIsVisible = 0;
			defaultConfigurationName = Release;
		};
		3232FA40262F4A25003357F7 /* Build configuration list for PBXNativeTarget "Tests iOS" */ = {
			isa = XCConfigurationList;
			buildConfigurations = (
				3232FA41262F4A25003357F7 /* Debug */,
				3232FA42262F4A25003357F7 /* Release */,
			);
			defaultConfigurationIsVisible = 0;
			defaultConfigurationName = Release;
		};
/* End XCConfigurationList section */
	};
	rootObject = 3232FA04262F4A24003357F7 /* Project object */;
}
